// !$*UTF8*$!
{
	archiveVersion = 1;
	classes = {
	};
	objectVersion = 46;
	objects = {

/* Begin PBXBuildFile section */
		C56445791C5A4468000C3F49 /* LTDescriptionsTable.m in Sources */ = {isa = PBXBuildFile; fileRef = C56445781C5A4468000C3F49 /* LTDescriptionsTable.m */; };
		C573A8AB1C50BA5500261EDA /* LTSplitViewDelegate.m in Sources */ = {isa = PBXBuildFile; fileRef = C573A8AA1C50BA5500261EDA /* LTSplitViewDelegate.m */; };
		C573A8B21C50E59C00261EDA /* UISplitViewController+LTVirtualDetail.m in Sources */ = {isa = PBXBuildFile; fileRef = C573A8B11C50E59C00261EDA /* UISplitViewController+LTVirtualDetail.m */; };
		C573A8DB1C58B8D700261EDA /* LTImageLoader.m in Sources */ = {isa = PBXBuildFile; fileRef = C573A8DA1C58B8D700261EDA /* LTImageLoader.m */; };
		C573A8DF1C58F77E00261EDA /* LTPlacesCollection.m in Sources */ = {isa = PBXBuildFile; fileRef = C573A8DE1C58F77E00261EDA /* LTPlacesCollection.m */; };
		C58C27561C32CECA000D6A7B /* LTPersistentUniqueStack.m in Sources */ = {isa = PBXBuildFile; fileRef = C58C27551C32CECA000D6A7B /* LTPersistentUniqueStack.m */; };
		C5C7375F1C1EA67700E0229B /* main.m in Sources */ = {isa = PBXBuildFile; fileRef = C5C7375E1C1EA67700E0229B /* main.m */; };
		C5C737621C1EA67700E0229B /* AppDelegate.m in Sources */ = {isa = PBXBuildFile; fileRef = C5C737611C1EA67700E0229B /* AppDelegate.m */; };
		C5C737651C1EA67700E0229B /* ViewController.m in Sources */ = {isa = PBXBuildFile; fileRef = C5C737641C1EA67700E0229B /* ViewController.m */; };
		C5C737681C1EA67700E0229B /* Main.storyboard in Resources */ = {isa = PBXBuildFile; fileRef = C5C737661C1EA67700E0229B /* Main.storyboard */; };
		C5C7376A1C1EA67700E0229B /* Assets.xcassets in Resources */ = {isa = PBXBuildFile; fileRef = C5C737691C1EA67700E0229B /* Assets.xcassets */; };
		C5C7376D1C1EA67700E0229B /* LaunchScreen.storyboard in Resources */ = {isa = PBXBuildFile; fileRef = C5C7376B1C1EA67700E0229B /* LaunchScreen.storyboard */; };
		C5C737781C1EA67700E0229B /* Flickr_BrowsingTests.m in Sources */ = {isa = PBXBuildFile; fileRef = C5C737771C1EA67700E0229B /* Flickr_BrowsingTests.m */; };
		C5C737831C1EA67700E0229B /* Flickr_BrowsingUITests.m in Sources */ = {isa = PBXBuildFile; fileRef = C5C737821C1EA67700E0229B /* Flickr_BrowsingUITests.m */; };
		C5C737971C1EB13A00E0229B /* LTCityPhotosLoader.m in Sources */ = {isa = PBXBuildFile; fileRef = C5C737961C1EB13A00E0229B /* LTCityPhotosLoader.m */; };
		C5C7379B1C1EB29400E0229B /* FlickrFetcher.m in Sources */ = {isa = PBXBuildFile; fileRef = C5C7379A1C1EB29400E0229B /* FlickrFetcher.m */; };
		C5C737A41C1EC20B00E0229B /* LTPlacesVC.m in Sources */ = {isa = PBXBuildFile; fileRef = C5C737A31C1EC20B00E0229B /* LTPlacesVC.m */; };
		C5C737A71C1EE31F00E0229B /* LTPlaceData.m in Sources */ = {isa = PBXBuildFile; fileRef = C5C737A61C1EE31F00E0229B /* LTPlaceData.m */; };
		C5C737AD1C1FF81E00E0229B /* LTFlickrPlacesLoader.m in Sources */ = {isa = PBXBuildFile; fileRef = C5C737AC1C1FF81E00E0229B /* LTFlickrPlacesLoader.m */; };
		C5C737B01C20078F00E0229B /* LTPhotoVC.m in Sources */ = {isa = PBXBuildFile; fileRef = C5C737AF1C20078F00E0229B /* LTPhotoVC.m */; };
		C5C737B61C205EDC00E0229B /* LTPhotoDescription.m in Sources */ = {isa = PBXBuildFile; fileRef = C5C737B51C205EDC00E0229B /* LTPhotoDescription.m */; };
		C5C737BC1C214F8400E0229B /* LTRecentPhotos.m in Sources */ = {isa = PBXBuildFile; fileRef = C5C737BB1C214F8400E0229B /* LTRecentPhotos.m */; };
		C5ED29B21C5DEE150099ADB7 /* LTDescriptionLoaderFactory.m in Sources */ = {isa = PBXBuildFile; fileRef = C5ED29B11C5DEE150099ADB7 /* LTDescriptionLoaderFactory.m */; };
/* End PBXBuildFile section */

/* Begin PBXContainerItemProxy section */
		C5C737741C1EA67700E0229B /* PBXContainerItemProxy */ = {
			isa = PBXContainerItemProxy;
			containerPortal = C5C737521C1EA67700E0229B /* Project object */;
			proxyType = 1;
			remoteGlobalIDString = C5C737591C1EA67700E0229B;
			remoteInfo = "Flickr Browsing";
		};
		C5C7377F1C1EA67700E0229B /* PBXContainerItemProxy */ = {
			isa = PBXContainerItemProxy;
			containerPortal = C5C737521C1EA67700E0229B /* Project object */;
			proxyType = 1;
			remoteGlobalIDString = C5C737591C1EA67700E0229B;
			remoteInfo = "Flickr Browsing";
		};
/* End PBXContainerItemProxy section */

/* Begin PBXFileReference section */
		C56445761C5A4023000C3F49 /* LTBackgroundLoaderProtocol.h */ = {isa = PBXFileReference; lastKnownFileType = sourcecode.c.h; name = LTBackgroundLoaderProtocol.h; path = Model/LTBackgroundLoaderProtocol.h; sourceTree = "<group>"; };
		C56445771C5A4468000C3F49 /* LTDescriptionsTable.h */ = {isa = PBXFileReference; fileEncoding = 4; lastKnownFileType = sourcecode.c.h; name = LTDescriptionsTable.h; path = ViewController/LTDescriptionsTable.h; sourceTree = "<group>"; };
		C56445781C5A4468000C3F49 /* LTDescriptionsTable.m */ = {isa = PBXFileReference; fileEncoding = 4; lastKnownFileType = sourcecode.c.objc; name = LTDescriptionsTable.m; path = ViewController/LTDescriptionsTable.m; sourceTree = "<group>"; };
		C573A8A91C50BA5500261EDA /* LTSplitViewDelegate.h */ = {isa = PBXFileReference; fileEncoding = 4; lastKnownFileType = sourcecode.c.h; name = LTSplitViewDelegate.h; path = ViewController/LTSplitViewDelegate.h; sourceTree = "<group>"; };
		C573A8AA1C50BA5500261EDA /* LTSplitViewDelegate.m */ = {isa = PBXFileReference; fileEncoding = 4; lastKnownFileType = sourcecode.c.objc; name = LTSplitViewDelegate.m; path = ViewController/LTSplitViewDelegate.m; sourceTree = "<group>"; };
		C573A8AC1C50BDEC00261EDA /* LTDetailViewProtocol.h */ = {isa = PBXFileReference; lastKnownFileType = sourcecode.c.h; name = LTDetailViewProtocol.h; path = ViewController/LTDetailViewProtocol.h; sourceTree = "<group>"; };
		C573A8B01C50E59C00261EDA /* UISplitViewController+LTVirtualDetail.h */ = {isa = PBXFileReference; fileEncoding = 4; lastKnownFileType = sourcecode.c.h; name = "UISplitViewController+LTVirtualDetail.h"; path = "ViewController/UISplitViewController+LTVirtualDetail.h"; sourceTree = "<group>"; };
		C573A8B11C50E59C00261EDA /* UISplitViewController+LTVirtualDetail.m */ = {isa = PBXFileReference; fileEncoding = 4; lastKnownFileType = sourcecode.c.objc; name = "UISplitViewController+LTVirtualDetail.m"; path = "ViewController/UISplitViewController+LTVirtualDetail.m"; sourceTree = "<group>"; };
		C573A8B41C50EB0D00261EDA /* LTVirtualDetailProtocol.h */ = {isa = PBXFileReference; lastKnownFileType = sourcecode.c.h; name = LTVirtualDetailProtocol.h; path = ViewController/LTVirtualDetailProtocol.h; sourceTree = "<group>"; };
		C573A8D91C58B8D700261EDA /* LTImageLoader.h */ = {isa = PBXFileReference; fileEncoding = 4; lastKnownFileType = sourcecode.c.h; name = LTImageLoader.h; path = Model/LTImageLoader.h; sourceTree = "<group>"; };
		C573A8DA1C58B8D700261EDA /* LTImageLoader.m */ = {isa = PBXFileReference; fileEncoding = 4; lastKnownFileType = sourcecode.c.objc; name = LTImageLoader.m; path = Model/LTImageLoader.m; sourceTree = "<group>"; };
		C573A8DD1C58F77E00261EDA /* LTPlacesCollection.h */ = {isa = PBXFileReference; fileEncoding = 4; lastKnownFileType = sourcecode.c.h; name = LTPlacesCollection.h; path = Model/LTPlacesCollection.h; sourceTree = "<group>"; };
		C573A8DE1C58F77E00261EDA /* LTPlacesCollection.m */ = {isa = PBXFileReference; fileEncoding = 4; lastKnownFileType = sourcecode.c.objc; name = LTPlacesCollection.m; path = Model/LTPlacesCollection.m; sourceTree = "<group>"; };
		C58C27541C32CECA000D6A7B /* LTPersistentUniqueStack.h */ = {isa = PBXFileReference; fileEncoding = 4; lastKnownFileType = sourcecode.c.h; path = LTPersistentUniqueStack.h; sourceTree = "<group>"; };
		C58C27551C32CECA000D6A7B /* LTPersistentUniqueStack.m */ = {isa = PBXFileReference; fileEncoding = 4; lastKnownFileType = sourcecode.c.objc; path = LTPersistentUniqueStack.m; sourceTree = "<group>"; };
		C5C7375A1C1EA67700E0229B /* Flickr Browsing.app */ = {isa = PBXFileReference; explicitFileType = wrapper.application; includeInIndex = 0; path = "Flickr Browsing.app"; sourceTree = BUILT_PRODUCTS_DIR; };
		C5C7375E1C1EA67700E0229B /* main.m */ = {isa = PBXFileReference; lastKnownFileType = sourcecode.c.objc; path = main.m; sourceTree = "<group>"; };
		C5C737601C1EA67700E0229B /* AppDelegate.h */ = {isa = PBXFileReference; lastKnownFileType = sourcecode.c.h; path = AppDelegate.h; sourceTree = "<group>"; };
		C5C737611C1EA67700E0229B /* AppDelegate.m */ = {isa = PBXFileReference; lastKnownFileType = sourcecode.c.objc; path = AppDelegate.m; sourceTree = "<group>"; };
		C5C737631C1EA67700E0229B /* ViewController.h */ = {isa = PBXFileReference; lastKnownFileType = sourcecode.c.h; path = ViewController.h; sourceTree = "<group>"; };
		C5C737641C1EA67700E0229B /* ViewController.m */ = {isa = PBXFileReference; lastKnownFileType = sourcecode.c.objc; path = ViewController.m; sourceTree = "<group>"; };
		C5C737671C1EA67700E0229B /* Base */ = {isa = PBXFileReference; lastKnownFileType = file.storyboard; name = Base; path = Base.lproj/Main.storyboard; sourceTree = "<group>"; };
		C5C737691C1EA67700E0229B /* Assets.xcassets */ = {isa = PBXFileReference; lastKnownFileType = folder.assetcatalog; path = Assets.xcassets; sourceTree = "<group>"; };
		C5C7376C1C1EA67700E0229B /* Base */ = {isa = PBXFileReference; lastKnownFileType = file.storyboard; name = Base; path = Base.lproj/LaunchScreen.storyboard; sourceTree = "<group>"; };
		C5C7376E1C1EA67700E0229B /* Info.plist */ = {isa = PBXFileReference; lastKnownFileType = text.plist.xml; path = Info.plist; sourceTree = "<group>"; };
		C5C737731C1EA67700E0229B /* Flickr BrowsingTests.xctest */ = {isa = PBXFileReference; explicitFileType = wrapper.cfbundle; includeInIndex = 0; path = "Flickr BrowsingTests.xctest"; sourceTree = BUILT_PRODUCTS_DIR; };
		C5C737771C1EA67700E0229B /* Flickr_BrowsingTests.m */ = {isa = PBXFileReference; lastKnownFileType = sourcecode.c.objc; path = Flickr_BrowsingTests.m; sourceTree = "<group>"; };
		C5C737791C1EA67700E0229B /* Info.plist */ = {isa = PBXFileReference; lastKnownFileType = text.plist.xml; path = Info.plist; sourceTree = "<group>"; };
		C5C7377E1C1EA67700E0229B /* Flickr BrowsingUITests.xctest */ = {isa = PBXFileReference; explicitFileType = wrapper.cfbundle; includeInIndex = 0; path = "Flickr BrowsingUITests.xctest"; sourceTree = BUILT_PRODUCTS_DIR; };
		C5C737821C1EA67700E0229B /* Flickr_BrowsingUITests.m */ = {isa = PBXFileReference; lastKnownFileType = sourcecode.c.objc; path = Flickr_BrowsingUITests.m; sourceTree = "<group>"; };
		C5C737841C1EA67700E0229B /* Info.plist */ = {isa = PBXFileReference; lastKnownFileType = text.plist.xml; path = Info.plist; sourceTree = "<group>"; };
		C5C737951C1EB13A00E0229B /* LTCityPhotosLoader.h */ = {isa = PBXFileReference; fileEncoding = 4; lastKnownFileType = sourcecode.c.h; name = LTCityPhotosLoader.h; path = Model/LTCityPhotosLoader.h; sourceTree = "<group>"; };
		C5C737961C1EB13A00E0229B /* LTCityPhotosLoader.m */ = {isa = PBXFileReference; fileEncoding = 4; lastKnownFileType = sourcecode.c.objc; name = LTCityPhotosLoader.m; path = Model/LTCityPhotosLoader.m; sourceTree = "<group>"; };
		C5C737981C1EB29400E0229B /* FlickrAPIKey.h */ = {isa = PBXFileReference; fileEncoding = 4; lastKnownFileType = sourcecode.c.h; path = FlickrAPIKey.h; sourceTree = "<group>"; };
		C5C737991C1EB29400E0229B /* FlickrFetcher.h */ = {isa = PBXFileReference; fileEncoding = 4; lastKnownFileType = sourcecode.c.h; path = FlickrFetcher.h; sourceTree = "<group>"; };
		C5C7379A1C1EB29400E0229B /* FlickrFetcher.m */ = {isa = PBXFileReference; fileEncoding = 4; lastKnownFileType = sourcecode.c.objc; path = FlickrFetcher.m; sourceTree = "<group>"; };
		C5C737A21C1EC20B00E0229B /* LTPlacesVC.h */ = {isa = PBXFileReference; fileEncoding = 4; lastKnownFileType = sourcecode.c.h; path = LTPlacesVC.h; sourceTree = "<group>"; };
		C5C737A31C1EC20B00E0229B /* LTPlacesVC.m */ = {isa = PBXFileReference; fileEncoding = 4; lastKnownFileType = sourcecode.c.objc; path = LTPlacesVC.m; sourceTree = "<group>"; };
		C5C737A51C1EE31F00E0229B /* LTPlaceData.h */ = {isa = PBXFileReference; fileEncoding = 4; lastKnownFileType = sourcecode.c.h; name = LTPlaceData.h; path = Model/LTPlaceData.h; sourceTree = "<group>"; };
		C5C737A61C1EE31F00E0229B /* LTPlaceData.m */ = {isa = PBXFileReference; fileEncoding = 4; lastKnownFileType = sourcecode.c.objc; name = LTPlaceData.m; path = Model/LTPlaceData.m; sourceTree = "<group>"; };
		C5C737AB1C1FF81E00E0229B /* LTFlickrPlacesLoader.h */ = {isa = PBXFileReference; fileEncoding = 4; lastKnownFileType = sourcecode.c.h; name = LTFlickrPlacesLoader.h; path = Model/LTFlickrPlacesLoader.h; sourceTree = "<group>"; };
		C5C737AC1C1FF81E00E0229B /* LTFlickrPlacesLoader.m */ = {isa = PBXFileReference; fileEncoding = 4; lastKnownFileType = sourcecode.c.objc; name = LTFlickrPlacesLoader.m; path = Model/LTFlickrPlacesLoader.m; sourceTree = "<group>"; };
		C5C737AE1C20078F00E0229B /* LTPhotoVC.h */ = {isa = PBXFileReference; fileEncoding = 4; lastKnownFileType = sourcecode.c.h; path = LTPhotoVC.h; sourceTree = "<group>"; };
		C5C737AF1C20078F00E0229B /* LTPhotoVC.m */ = {isa = PBXFileReference; fileEncoding = 4; lastKnownFileType = sourcecode.c.objc; path = LTPhotoVC.m; sourceTree = "<group>"; };
		C5C737B41C205EDC00E0229B /* LTPhotoDescription.h */ = {isa = PBXFileReference; fileEncoding = 4; lastKnownFileType = sourcecode.c.h; path = LTPhotoDescription.h; sourceTree = "<group>"; };
		C5C737B51C205EDC00E0229B /* LTPhotoDescription.m */ = {isa = PBXFileReference; fileEncoding = 4; lastKnownFileType = sourcecode.c.objc; path = LTPhotoDescription.m; sourceTree = "<group>"; };
		C5C737BA1C214F8400E0229B /* LTRecentPhotos.h */ = {isa = PBXFileReference; fileEncoding = 4; lastKnownFileType = sourcecode.c.h; path = LTRecentPhotos.h; sourceTree = "<group>"; };
		C5C737BB1C214F8400E0229B /* LTRecentPhotos.m */ = {isa = PBXFileReference; fileEncoding = 4; lastKnownFileType = sourcecode.c.objc; path = LTRecentPhotos.m; sourceTree = "<group>"; };
		C5ED29B01C5DEE150099ADB7 /* LTDescriptionLoaderFactory.h */ = {isa = PBXFileReference; fileEncoding = 4; lastKnownFileType = sourcecode.c.h; name = LTDescriptionLoaderFactory.h; path = ViewController/LTDescriptionLoaderFactory.h; sourceTree = "<group>"; };
		C5ED29B11C5DEE150099ADB7 /* LTDescriptionLoaderFactory.m */ = {isa = PBXFileReference; fileEncoding = 4; lastKnownFileType = sourcecode.c.objc; name = LTDescriptionLoaderFactory.m; path = ViewController/LTDescriptionLoaderFactory.m; sourceTree = "<group>"; };
/* End PBXFileReference section */

/* Begin PBXFrameworksBuildPhase section */
		C5C737571C1EA67700E0229B /* Frameworks */ = {
			isa = PBXFrameworksBuildPhase;
			buildActionMask = 2147483647;
			files = (
			);
			runOnlyForDeploymentPostprocessing = 0;
		};
		C5C737701C1EA67700E0229B /* Frameworks */ = {
			isa = PBXFrameworksBuildPhase;
			buildActionMask = 2147483647;
			files = (
			);
			runOnlyForDeploymentPostprocessing = 0;
		};
		C5C7377B1C1EA67700E0229B /* Frameworks */ = {
			isa = PBXFrameworksBuildPhase;
			buildActionMask = 2147483647;
			files = (
			);
			runOnlyForDeploymentPostprocessing = 0;
		};
/* End PBXFrameworksBuildPhase section */

/* Begin PBXGroup section */
		C5C737511C1EA67700E0229B = {
			isa = PBXGroup;
			children = (
				C5C7375C1C1EA67700E0229B /* Flickr Browsing */,
				C5C737761C1EA67700E0229B /* Flickr BrowsingTests */,
				C5C737811C1EA67700E0229B /* Flickr BrowsingUITests */,
				C5C7375B1C1EA67700E0229B /* Products */,
			);
			sourceTree = "<group>";
		};
		C5C7375B1C1EA67700E0229B /* Products */ = {
			isa = PBXGroup;
			children = (
				C5C7375A1C1EA67700E0229B /* Flickr Browsing.app */,
				C5C737731C1EA67700E0229B /* Flickr BrowsingTests.xctest */,
				C5C7377E1C1EA67700E0229B /* Flickr BrowsingUITests.xctest */,
			);
			name = Products;
			sourceTree = "<group>";
		};
		C5C7375C1C1EA67700E0229B /* Flickr Browsing */ = {
			isa = PBXGroup;
			children = (
				C5C737941C1EB0F400E0229B /* Model */,
				C5C737931C1EB04600E0229B /* ViewController */,
				C5C737601C1EA67700E0229B /* AppDelegate.h */,
				C5C737611C1EA67700E0229B /* AppDelegate.m */,
				C5C737631C1EA67700E0229B /* ViewController.h */,
				C5C737641C1EA67700E0229B /* ViewController.m */,
				C5C737661C1EA67700E0229B /* Main.storyboard */,
				C5C737691C1EA67700E0229B /* Assets.xcassets */,
				C5C7376B1C1EA67700E0229B /* LaunchScreen.storyboard */,
				C5C7376E1C1EA67700E0229B /* Info.plist */,
				C5C7375D1C1EA67700E0229B /* Supporting Files */,
			);
			path = "Flickr Browsing";
			sourceTree = "<group>";
		};
		C5C7375D1C1EA67700E0229B /* Supporting Files */ = {
			isa = PBXGroup;
			children = (
				C5C7375E1C1EA67700E0229B /* main.m */,
			);
			name = "Supporting Files";
			sourceTree = "<group>";
		};
		C5C737761C1EA67700E0229B /* Flickr BrowsingTests */ = {
			isa = PBXGroup;
			children = (
				C5C737771C1EA67700E0229B /* Flickr_BrowsingTests.m */,
				C5C737791C1EA67700E0229B /* Info.plist */,
			);
			path = "Flickr BrowsingTests";
			sourceTree = "<group>";
		};
		C5C737811C1EA67700E0229B /* Flickr BrowsingUITests */ = {
			isa = PBXGroup;
			children = (
				C5C737821C1EA67700E0229B /* Flickr_BrowsingUITests.m */,
				C5C737841C1EA67700E0229B /* Info.plist */,
			);
			path = "Flickr BrowsingUITests";
			sourceTree = "<group>";
		};
		C5C737931C1EB04600E0229B /* ViewController */ = {
			isa = PBXGroup;
			children = (
				C573A8AC1C50BDEC00261EDA /* LTDetailViewProtocol.h */,
				C573A8B41C50EB0D00261EDA /* LTVirtualDetailProtocol.h */,
				C573A8A91C50BA5500261EDA /* LTSplitViewDelegate.h */,
				C573A8AA1C50BA5500261EDA /* LTSplitViewDelegate.m */,
				C573A8B01C50E59C00261EDA /* UISplitViewController+LTVirtualDetail.h */,
				C573A8B11C50E59C00261EDA /* UISplitViewController+LTVirtualDetail.m */,
				C5C737AE1C20078F00E0229B /* LTPhotoVC.h */,
				C5C737AF1C20078F00E0229B /* LTPhotoVC.m */,
				C5ED29B01C5DEE150099ADB7 /* LTDescriptionLoaderFactory.h */,
				C5ED29B11C5DEE150099ADB7 /* LTDescriptionLoaderFactory.m */,
				C56445771C5A4468000C3F49 /* LTDescriptionsTable.h */,
				C56445781C5A4468000C3F49 /* LTDescriptionsTable.m */,
				C5C737A21C1EC20B00E0229B /* LTPlacesVC.h */,
				C5C737A31C1EC20B00E0229B /* LTPlacesVC.m */,
			);
			name = ViewController;
			sourceTree = "<group>";
		};
		C5C737941C1EB0F400E0229B /* Model */ = {
			isa = PBXGroup;
			children = (
				C5C737981C1EB29400E0229B /* FlickrAPIKey.h */,
				C5C737991C1EB29400E0229B /* FlickrFetcher.h */,
				C5C7379A1C1EB29400E0229B /* FlickrFetcher.m */,
				C5C737A51C1EE31F00E0229B /* LTPlaceData.h */,
				C5C737A61C1EE31F00E0229B /* LTPlaceData.m */,
				C573A8DD1C58F77E00261EDA /* LTPlacesCollection.h */,
				C573A8DE1C58F77E00261EDA /* LTPlacesCollection.m */,
				C5C737B41C205EDC00E0229B /* LTPhotoDescription.h */,
				C5C737B51C205EDC00E0229B /* LTPhotoDescription.m */,
				C58C27541C32CECA000D6A7B /* LTPersistentUniqueStack.h */,
				C58C27551C32CECA000D6A7B /* LTPersistentUniqueStack.m */,
				C56445761C5A4023000C3F49 /* LTBackgroundLoaderProtocol.h */,
				C573A8D91C58B8D700261EDA /* LTImageLoader.h */,
				C573A8DA1C58B8D700261EDA /* LTImageLoader.m */,
				C5C737951C1EB13A00E0229B /* LTCityPhotosLoader.h */,
				C5C737961C1EB13A00E0229B /* LTCityPhotosLoader.m */,
				C5C737BA1C214F8400E0229B /* LTRecentPhotos.h */,
				C5C737BB1C214F8400E0229B /* LTRecentPhotos.m */,
				C5C737AB1C1FF81E00E0229B /* LTFlickrPlacesLoader.h */,
				C5C737AC1C1FF81E00E0229B /* LTFlickrPlacesLoader.m */,
			);
			name = Model;
			sourceTree = "<group>";
		};
/* End PBXGroup section */

/* Begin PBXNativeTarget section */
		C5C737591C1EA67700E0229B /* Flickr Browsing */ = {
			isa = PBXNativeTarget;
			buildConfigurationList = C5C737871C1EA67700E0229B /* Build configuration list for PBXNativeTarget "Flickr Browsing" */;
			buildPhases = (
				C5C737561C1EA67700E0229B /* Sources */,
				C5C737571C1EA67700E0229B /* Frameworks */,
				C5C737581C1EA67700E0229B /* Resources */,
			);
			buildRules = (
			);
			dependencies = (
			);
			name = "Flickr Browsing";
			productName = "Flickr Browsing";
			productReference = C5C7375A1C1EA67700E0229B /* Flickr Browsing.app */;
			productType = "com.apple.product-type.application";
		};
		C5C737721C1EA67700E0229B /* Flickr BrowsingTests */ = {
			isa = PBXNativeTarget;
			buildConfigurationList = C5C7378A1C1EA67700E0229B /* Build configuration list for PBXNativeTarget "Flickr BrowsingTests" */;
			buildPhases = (
				C5C7376F1C1EA67700E0229B /* Sources */,
				C5C737701C1EA67700E0229B /* Frameworks */,
				C5C737711C1EA67700E0229B /* Resources */,
			);
			buildRules = (
			);
			dependencies = (
				C5C737751C1EA67700E0229B /* PBXTargetDependency */,
			);
			name = "Flickr BrowsingTests";
			productName = "Flickr BrowsingTests";
			productReference = C5C737731C1EA67700E0229B /* Flickr BrowsingTests.xctest */;
			productType = "com.apple.product-type.bundle.unit-test";
		};
		C5C7377D1C1EA67700E0229B /* Flickr BrowsingUITests */ = {
			isa = PBXNativeTarget;
			buildConfigurationList = C5C7378D1C1EA67700E0229B /* Build configuration list for PBXNativeTarget "Flickr BrowsingUITests" */;
			buildPhases = (
				C5C7377A1C1EA67700E0229B /* Sources */,
				C5C7377B1C1EA67700E0229B /* Frameworks */,
				C5C7377C1C1EA67700E0229B /* Resources */,
			);
			buildRules = (
			);
			dependencies = (
				C5C737801C1EA67700E0229B /* PBXTargetDependency */,
			);
			name = "Flickr BrowsingUITests";
			productName = "Flickr BrowsingUITests";
			productReference = C5C7377E1C1EA67700E0229B /* Flickr BrowsingUITests.xctest */;
			productType = "com.apple.product-type.bundle.ui-testing";
		};
/* End PBXNativeTarget section */

/* Begin PBXProject section */
		C5C737521C1EA67700E0229B /* Project object */ = {
			isa = PBXProject;
			attributes = {
				LastUpgradeCheck = 0720;
				ORGANIZATIONNAME = Lightricks;
				TargetAttributes = {
					C5C737591C1EA67700E0229B = {
						CreatedOnToolsVersion = 7.2;
					};
					C5C737721C1EA67700E0229B = {
						CreatedOnToolsVersion = 7.2;
						TestTargetID = C5C737591C1EA67700E0229B;
					};
					C5C7377D1C1EA67700E0229B = {
						CreatedOnToolsVersion = 7.2;
						TestTargetID = C5C737591C1EA67700E0229B;
					};
				};
			};
			buildConfigurationList = C5C737551C1EA67700E0229B /* Build configuration list for PBXProject "Flickr Browsing" */;
			compatibilityVersion = "Xcode 3.2";
			developmentRegion = English;
			hasScannedForEncodings = 0;
			knownRegions = (
				en,
				Base,
			);
			mainGroup = C5C737511C1EA67700E0229B;
			productRefGroup = C5C7375B1C1EA67700E0229B /* Products */;
			projectDirPath = "";
			projectRoot = "";
			targets = (
				C5C737591C1EA67700E0229B /* Flickr Browsing */,
				C5C737721C1EA67700E0229B /* Flickr BrowsingTests */,
				C5C7377D1C1EA67700E0229B /* Flickr BrowsingUITests */,
			);
		};
/* End PBXProject section */

/* Begin PBXResourcesBuildPhase section */
		C5C737581C1EA67700E0229B /* Resources */ = {
			isa = PBXResourcesBuildPhase;
			buildActionMask = 2147483647;
			files = (
				C5C7376D1C1EA67700E0229B /* LaunchScreen.storyboard in Resources */,
				C5C7376A1C1EA67700E0229B /* Assets.xcassets in Resources */,
				C5C737681C1EA67700E0229B /* Main.storyboard in Resources */,
			);
			runOnlyForDeploymentPostprocessing = 0;
		};
		C5C737711C1EA67700E0229B /* Resources */ = {
			isa = PBXResourcesBuildPhase;
			buildActionMask = 2147483647;
			files = (
			);
			runOnlyForDeploymentPostprocessing = 0;
		};
		C5C7377C1C1EA67700E0229B /* Resources */ = {
			isa = PBXResourcesBuildPhase;
			buildActionMask = 2147483647;
			files = (
			);
			runOnlyForDeploymentPostprocessing = 0;
		};
/* End PBXResourcesBuildPhase section */

/* Begin PBXSourcesBuildPhase section */
		C5C737561C1EA67700E0229B /* Sources */ = {
			isa = PBXSourcesBuildPhase;
			buildActionMask = 2147483647;
			files = (
				C573A8B21C50E59C00261EDA /* UISplitViewController+LTVirtualDetail.m in Sources */,
				C573A8DF1C58F77E00261EDA /* LTPlacesCollection.m in Sources */,
				C5C737B01C20078F00E0229B /* LTPhotoVC.m in Sources */,
				C5C737651C1EA67700E0229B /* ViewController.m in Sources */,
				C5C737621C1EA67700E0229B /* AppDelegate.m in Sources */,
				C5C7375F1C1EA67700E0229B /* main.m in Sources */,
				C5C737AD1C1FF81E00E0229B /* LTFlickrPlacesLoader.m in Sources */,
				C5C737BC1C214F8400E0229B /* LTRecentPhotos.m in Sources */,
				C56445791C5A4468000C3F49 /* LTDescriptionsTable.m in Sources */,
				C5ED29B21C5DEE150099ADB7 /* LTDescriptionLoaderFactory.m in Sources */,
				C573A8DB1C58B8D700261EDA /* LTImageLoader.m in Sources */,
				C5C737B61C205EDC00E0229B /* LTPhotoDescription.m in Sources */,
				C5C737A71C1EE31F00E0229B /* LTPlaceData.m in Sources */,
				C58C27561C32CECA000D6A7B /* LTPersistentUniqueStack.m in Sources */,
				C573A8AB1C50BA5500261EDA /* LTSplitViewDelegate.m in Sources */,
				C5C7379B1C1EB29400E0229B /* FlickrFetcher.m in Sources */,
				C5C737A41C1EC20B00E0229B /* LTPlacesVC.m in Sources */,
				C5C737971C1EB13A00E0229B /* LTCityPhotosLoader.m in Sources */,
			);
			runOnlyForDeploymentPostprocessing = 0;
		};
		C5C7376F1C1EA67700E0229B /* Sources */ = {
			isa = PBXSourcesBuildPhase;
			buildActionMask = 2147483647;
			files = (
				C5C737781C1EA67700E0229B /* Flickr_BrowsingTests.m in Sources */,
			);
			runOnlyForDeploymentPostprocessing = 0;
		};
		C5C7377A1C1EA67700E0229B /* Sources */ = {
			isa = PBXSourcesBuildPhase;
			buildActionMask = 2147483647;
			files = (
				C5C737831C1EA67700E0229B /* Flickr_BrowsingUITests.m in Sources */,
			);
			runOnlyForDeploymentPostprocessing = 0;
		};
/* End PBXSourcesBuildPhase section */

/* Begin PBXTargetDependency section */
		C5C737751C1EA67700E0229B /* PBXTargetDependency */ = {
			isa = PBXTargetDependency;
			target = C5C737591C1EA67700E0229B /* Flickr Browsing */;
			targetProxy = C5C737741C1EA67700E0229B /* PBXContainerItemProxy */;
		};
		C5C737801C1EA67700E0229B /* PBXTargetDependency */ = {
			isa = PBXTargetDependency;
			target = C5C737591C1EA67700E0229B /* Flickr Browsing */;
			targetProxy = C5C7377F1C1EA67700E0229B /* PBXContainerItemProxy */;
		};
/* End PBXTargetDependency section */

/* Begin PBXVariantGroup section */
		C5C737661C1EA67700E0229B /* Main.storyboard */ = {
			isa = PBXVariantGroup;
			children = (
				C5C737671C1EA67700E0229B /* Base */,
			);
			name = Main.storyboard;
			sourceTree = "<group>";
		};
		C5C7376B1C1EA67700E0229B /* LaunchScreen.storyboard */ = {
			isa = PBXVariantGroup;
			children = (
				C5C7376C1C1EA67700E0229B /* Base */,
			);
			name = LaunchScreen.storyboard;
			sourceTree = "<group>";
		};
/* End PBXVariantGroup section */

/* Begin XCBuildConfiguration section */
		C5C737851C1EA67700E0229B /* Debug */ = {
			isa = XCBuildConfiguration;
			buildSettings = {
				ALWAYS_SEARCH_USER_PATHS = NO;
				CLANG_CXX_LANGUAGE_STANDARD = "gnu++0x";
				CLANG_CXX_LIBRARY = "libc++";
				CLANG_ENABLE_MODULES = YES;
				CLANG_ENABLE_OBJC_ARC = YES;
				CLANG_WARN_BOOL_CONVERSION = YES;
				CLANG_WARN_CONSTANT_CONVERSION = YES;
				CLANG_WARN_DIRECT_OBJC_ISA_USAGE = YES_ERROR;
				CLANG_WARN_EMPTY_BODY = YES;
				CLANG_WARN_ENUM_CONVERSION = YES;
				CLANG_WARN_INT_CONVERSION = YES;
				CLANG_WARN_OBJC_ROOT_CLASS = YES_ERROR;
				CLANG_WARN_UNREACHABLE_CODE = YES;
				CLANG_WARN__DUPLICATE_METHOD_MATCH = YES;
				"CODE_SIGN_IDENTITY[sdk=iphoneos*]" = "iPhone Developer";
				COPY_PHASE_STRIP = NO;
				DEBUG_INFORMATION_FORMAT = dwarf;
				ENABLE_STRICT_OBJC_MSGSEND = YES;
				ENABLE_TESTABILITY = YES;
				GCC_C_LANGUAGE_STANDARD = gnu99;
				GCC_DYNAMIC_NO_PIC = NO;
				GCC_NO_COMMON_BLOCKS = YES;
				GCC_OPTIMIZATION_LEVEL = 0;
				GCC_PREPROCESSOR_DEFINITIONS = (
					"DEBUG=1",
					"$(inherited)",
				);
				GCC_WARN_64_TO_32_BIT_CONVERSION = YES;
				GCC_WARN_ABOUT_RETURN_TYPE = YES_ERROR;
				GCC_WARN_UNDECLARED_SELECTOR = YES;
				GCC_WARN_UNINITIALIZED_AUTOS = YES_AGGRESSIVE;
				GCC_WARN_UNUSED_FUNCTION = YES;
				GCC_WARN_UNUSED_VARIABLE = YES;
				IPHONEOS_DEPLOYMENT_TARGET = 9.2;
				MTL_ENABLE_DEBUG_INFO = YES;
				ONLY_ACTIVE_ARCH = YES;
				SDKROOT = iphoneos;
			};
			name = Debug;
		};
		C5C737861C1EA67700E0229B /* Release */ = {
			isa = XCBuildConfiguration;
			buildSettings = {
				ALWAYS_SEARCH_USER_PATHS = NO;
				CLANG_CXX_LANGUAGE_STANDARD = "gnu++0x";
				CLANG_CXX_LIBRARY = "libc++";
				CLANG_ENABLE_MODULES = YES;
				CLANG_ENABLE_OBJC_ARC = YES;
				CLANG_WARN_BOOL_CONVERSION = YES;
				CLANG_WARN_CONSTANT_CONVERSION = YES;
				CLANG_WARN_DIRECT_OBJC_ISA_USAGE = YES_ERROR;
				CLANG_WARN_EMPTY_BODY = YES;
				CLANG_WARN_ENUM_CONVERSION = YES;
				CLANG_WARN_INT_CONVERSION = YES;
				CLANG_WARN_OBJC_ROOT_CLASS = YES_ERROR;
				CLANG_WARN_UNREACHABLE_CODE = YES;
				CLANG_WARN__DUPLICATE_METHOD_MATCH = YES;
				"CODE_SIGN_IDENTITY[sdk=iphoneos*]" = "iPhone Developer";
				COPY_PHASE_STRIP = NO;
				DEBUG_INFORMATION_FORMAT = "dwarf-with-dsym";
				ENABLE_NS_ASSERTIONS = NO;
				ENABLE_STRICT_OBJC_MSGSEND = YES;
				GCC_C_LANGUAGE_STANDARD = gnu99;
				GCC_NO_COMMON_BLOCKS = YES;
				GCC_WARN_64_TO_32_BIT_CONVERSION = YES;
				GCC_WARN_ABOUT_RETURN_TYPE = YES_ERROR;
				GCC_WARN_UNDECLARED_SELECTOR = YES;
				GCC_WARN_UNINITIALIZED_AUTOS = YES_AGGRESSIVE;
				GCC_WARN_UNUSED_FUNCTION = YES;
				GCC_WARN_UNUSED_VARIABLE = YES;
				IPHONEOS_DEPLOYMENT_TARGET = 9.2;
				MTL_ENABLE_DEBUG_INFO = NO;
				SDKROOT = iphoneos;
				VALIDATE_PRODUCT = YES;
			};
			name = Release;
		};
		C5C737881C1EA67700E0229B /* Debug */ = {
			isa = XCBuildConfiguration;
			buildSettings = {
				ASSETCATALOG_COMPILER_APPICON_NAME = AppIcon;
				INFOPLIST_FILE = "Flickr Browsing/Info.plist";
				LD_RUNPATH_SEARCH_PATHS = "$(inherited) @executable_path/Frameworks";
				PRODUCT_BUNDLE_IDENTIFIER = "ofer.lightricks.Flickr-Browsing";
				PRODUCT_NAME = "$(TARGET_NAME)";
				TARGETED_DEVICE_FAMILY = "1,2";
			};
			name = Debug;
		};
		C5C737891C1EA67700E0229B /* Release */ = {
			isa = XCBuildConfiguration;
			buildSettings = {
				ASSETCATALOG_COMPILER_APPICON_NAME = AppIcon;
				INFOPLIST_FILE = "Flickr Browsing/Info.plist";
				LD_RUNPATH_SEARCH_PATHS = "$(inherited) @executable_path/Frameworks";
				PRODUCT_BUNDLE_IDENTIFIER = "ofer.lightricks.Flickr-Browsing";
				PRODUCT_NAME = "$(TARGET_NAME)";
				TARGETED_DEVICE_FAMILY = "1,2";
			};
			name = Release;
		};
		C5C7378B1C1EA67700E0229B /* Debug */ = {
			isa = XCBuildConfiguration;
			buildSettings = {
				BUNDLE_LOADER = "$(TEST_HOST)";
				INFOPLIST_FILE = "Flickr BrowsingTests/Info.plist";
				LD_RUNPATH_SEARCH_PATHS = "$(inherited) @executable_path/Frameworks @loader_path/Frameworks";
				PRODUCT_BUNDLE_IDENTIFIER = "ofer.lightricks.Flickr-BrowsingTests";
				PRODUCT_NAME = "$(TARGET_NAME)";
				TEST_HOST = "$(BUILT_PRODUCTS_DIR)/Flickr Browsing.app/Flickr Browsing";
			};
			name = Debug;
		};
		C5C7378C1C1EA67700E0229B /* Release */ = {
			isa = XCBuildConfiguration;
			buildSettings = {
				BUNDLE_LOADER = "$(TEST_HOST)";
				INFOPLIST_FILE = "Flickr BrowsingTests/Info.plist";
				LD_RUNPATH_SEARCH_PATHS = "$(inherited) @executable_path/Frameworks @loader_path/Frameworks";
				PRODUCT_BUNDLE_IDENTIFIER = "ofer.lightricks.Flickr-BrowsingTests";
				PRODUCT_NAME = "$(TARGET_NAME)";
				TEST_HOST = "$(BUILT_PRODUCTS_DIR)/Flickr Browsing.app/Flickr Browsing";
			};
			name = Release;
		};
		C5C7378E1C1EA67700E0229B /* Debug */ = {
			isa = XCBuildConfiguration;
			buildSettings = {
				INFOPLIST_FILE = "Flickr BrowsingUITests/Info.plist";
				LD_RUNPATH_SEARCH_PATHS = "$(inherited) @executable_path/Frameworks @loader_path/Frameworks";
				PRODUCT_BUNDLE_IDENTIFIER = "ofer.lightricks.Flickr-BrowsingUITests";
				PRODUCT_NAME = "$(TARGET_NAME)";
				TEST_TARGET_NAME = "Flickr Browsing";
				USES_XCTRUNNER = YES;
			};
			name = Debug;
		};
		C5C7378F1C1EA67700E0229B /* Release */ = {
			isa = XCBuildConfiguration;
			buildSettings = {
				INFOPLIST_FILE = "Flickr BrowsingUITests/Info.plist";
				LD_RUNPATH_SEARCH_PATHS = "$(inherited) @executable_path/Frameworks @loader_path/Frameworks";
				PRODUCT_BUNDLE_IDENTIFIER = "ofer.lightricks.Flickr-BrowsingUITests";
				PRODUCT_NAME = "$(TARGET_NAME)";
				TEST_TARGET_NAME = "Flickr Browsing";
				USES_XCTRUNNER = YES;
			};
			name = Release;
		};
/* End XCBuildConfiguration section */

/* Begin XCConfigurationList section */
		C5C737551C1EA67700E0229B /* Build configuration list for PBXProject "Flickr Browsing" */ = {
			isa = XCConfigurationList;
			buildConfigurations = (
				C5C737851C1EA67700E0229B /* Debug */,
				C5C737861C1EA67700E0229B /* Release */,
			);
			defaultConfigurationIsVisible = 0;
			defaultConfigurationName = Release;
		};
		C5C737871C1EA67700E0229B /* Build configuration list for PBXNativeTarget "Flickr Browsing" */ = {
			isa = XCConfigurationList;
			buildConfigurations = (
				C5C737881C1EA67700E0229B /* Debug */,
				C5C737891C1EA67700E0229B /* Release */,
			);
			defaultConfigurationIsVisible = 0;
			defaultConfigurationName = Release;
		};
		C5C7378A1C1EA67700E0229B /* Build configuration list for PBXNativeTarget "Flickr BrowsingTests" */ = {
			isa = XCConfigurationList;
			buildConfigurations = (
				C5C7378B1C1EA67700E0229B /* Debug */,
				C5C7378C1C1EA67700E0229B /* Release */,
			);
			defaultConfigurationIsVisible = 0;
			defaultConfigurationName = Release;
		};
		C5C7378D1C1EA67700E0229B /* Build configuration list for PBXNativeTarget "Flickr BrowsingUITests" */ = {
			isa = XCConfigurationList;
			buildConfigurations = (
				C5C7378E1C1EA67700E0229B /* Debug */,
				C5C7378F1C1EA67700E0229B /* Release */,
			);
			defaultConfigurationIsVisible = 0;
			defaultConfigurationName = Release;
		};
/* End XCConfigurationList section */
	};
	rootObject = C5C737521C1EA67700E0229B /* Project object */;
}
